
Microsoft Visual Studio Solution File, Format Version 12.00
# Visual Studio Version 17
VisualStudioVersion = 17.1.32328.378
MinimumVisualStudioVersion = 10.0.40219.1
Project("{FAE04EC0-301F-11D3-BF4B-00C04F79EFBC}") = "WisenetIPCameraTool", "WisenetIPCameraTool\WisenetIPCameraTool.csproj", "{9C762D67-07C0-43F6-A898-5C83BF7D5455}"
EndProject
Global
	GlobalSection(SolutionConfigurationPlatforms) = preSolution
		Debug|Any CPU = Debug|Any CPU
		Release|Any CPU = Release|Any CPU
	EndGlobalSection
	GlobalSection(ProjectConfigurationPlatforms) = postSolution
		{9C762D67-07C0-43F6-A898-5C83BF7D5455}.Debug|Any CPU.ActiveCfg = Debug|Any CPU
		{9C762D67-07C0-43F6-A898-5C83BF7D5455}.Debug|Any CPU.Build.0 = Debug|Any CPU
		{9C762D67-07C0-43F6-A898-5C83BF7D5455}.Release|Any CPU.ActiveCfg = Release|Any CPU
		{9C762D67-07C0-43F6-A898-5C83BF7D5455}.Release|Any CPU.Build.0 = Release|Any CPU
	EndGlobalSection
	GlobalSection(SolutionProperties) = preSolution
		HideSolutionNode = FALSE
	EndGlobalSection
	GlobalSection(ExtensibilityGlobals) = postSolution
		SolutionGuid = {B32DC5BA-11BF-4E88-8C98-0CBFE23324A0}
	EndGlobalSection
EndGlobal
